
Microsoft Visual Studio Solution File, Format Version 12.00
# Visual Studio Version 16
VisualStudioVersion = 16.0.29519.87
MinimumVisualStudioVersion = 10.0.40219.1
Project("{FAE04EC0-301F-11D3-BF4B-00C04F79EFBC}") = "CsharpDocs.Wcf.Client", "CsharpDocs.Wcf.Client\CsharpDocs.Wcf.Client.csproj", "{535A88F8-E61B-4CFA-9E37-737ED0497DAD}"
EndProject
Global
	GlobalSection(SolutionConfigurationPlatforms) = preSolution
		Debug|Any CPU = Debug|Any CPU
		Release|Any CPU = Release|Any CPU
	EndGlobalSection
	GlobalSection(ProjectConfigurationPlatforms) = postSolution
		{535A88F8-E61B-4CFA-9E37-737ED0497DAD}.Debug|Any CPU.ActiveCfg = Debug|Any CPU
		{535A88F8-E61B-4CFA-9E37-737ED0497DAD}.Debug|Any CPU.Build.0 = Debug|Any CPU
		{535A88F8-E61B-4CFA-9E37-737ED0497DAD}.Release|Any CPU.ActiveCfg = Release|Any CPU
		{535A88F8-E61B-4CFA-9E37-737ED0497DAD}.Release|Any CPU.Build.0 = Release|Any CPU
	EndGlobalSection
	GlobalSection(SolutionProperties) = preSolution
		HideSolutionNode = FALSE
	EndGlobalSection
	GlobalSection(ExtensibilityGlobals) = postSolution
		SolutionGuid = {32D7894F-2954-48EA-B843-021757F04567}
	EndGlobalSection
EndGlobal
