
Microsoft Visual Studio Solution File, Format Version 12.00
# Visual Studio Version 16
VisualStudioVersion = 16.0.29613.14
MinimumVisualStudioVersion = 10.0.40219.1
Project("{FAE04EC0-301F-11D3-BF4B-00C04F79EFBC}") = "CreateAndUseTypes", "CreateAndUseTypes\CreateAndUseTypes.csproj", "{CCA8B150-4E95-489C-8DD8-3254AAD8D575}"
EndProject
Global
	GlobalSection(SolutionConfigurationPlatforms) = preSolution
		Debug|Any CPU = Debug|Any CPU
		Release|Any CPU = Release|Any CPU
	EndGlobalSection
	GlobalSection(ProjectConfigurationPlatforms) = postSolution
		{CCA8B150-4E95-489C-8DD8-3254AAD8D575}.Debug|Any CPU.ActiveCfg = Debug|Any CPU
		{CCA8B150-4E95-489C-8DD8-3254AAD8D575}.Debug|Any CPU.Build.0 = Debug|Any CPU
		{CCA8B150-4E95-489C-8DD8-3254AAD8D575}.Release|Any CPU.ActiveCfg = Release|Any CPU
		{CCA8B150-4E95-489C-8DD8-3254AAD8D575}.Release|Any CPU.Build.0 = Release|Any CPU
	EndGlobalSection
	GlobalSection(SolutionProperties) = preSolution
		HideSolutionNode = FALSE
	EndGlobalSection
	GlobalSection(ExtensibilityGlobals) = postSolution
		SolutionGuid = {4A0B8648-C41E-4D4D-AB49-81A0C134EFE3}
	EndGlobalSection
EndGlobal
