
Microsoft Visual Studio Solution File, Format Version 12.00
# Visual Studio Version 16
VisualStudioVersion = 16.0.29102.190
MinimumVisualStudioVersion = 10.0.40219.1
Project("{FAE04EC0-301F-11D3-BF4B-00C04F79EFBC}") = "CodeComeExample2", "CodeComeExample2.csproj", "{52060914-041B-45E2-9716-0C4BB165B297}"
EndProject
Global
	GlobalSection(SolutionConfigurationPlatforms) = preSolution
		Debug|Any CPU = Debug|Any CPU
		Release|Any CPU = Release|Any CPU
	EndGlobalSection
	GlobalSection(ProjectConfigurationPlatforms) = postSolution
		{52060914-041B-45E2-9716-0C4BB165B297}.Debug|Any CPU.ActiveCfg = Debug|Any CPU
		{52060914-041B-45E2-9716-0C4BB165B297}.Debug|Any CPU.Build.0 = Debug|Any CPU
		{52060914-041B-45E2-9716-0C4BB165B297}.Release|Any CPU.ActiveCfg = Release|Any CPU
		{52060914-041B-45E2-9716-0C4BB165B297}.Release|Any CPU.Build.0 = Release|Any CPU
	EndGlobalSection
	GlobalSection(SolutionProperties) = preSolution
		HideSolutionNode = FALSE
	EndGlobalSection
	GlobalSection(ExtensibilityGlobals) = postSolution
		SolutionGuid = {292B82D5-3CFB-4C61-81B9-69E40B5510C9}
	EndGlobalSection
EndGlobal
